
Microsoft Visual Studio Solution File, Format Version 12.00
# Visual Studio Version 17
VisualStudioVersion = 17.2.32602.215
MinimumVisualStudioVersion = 10.0.40219.1
Project("{FAE04EC0-301F-11D3-BF4B-00C04F79EFBC}") = "Net_Lab_6", "Net_Lab_6\Net_Lab_6.csproj", "{975F241D-583A-4755-BB45-70C808697405}"
EndProject
Project("{9A19103F-16F7-4668-BE54-9A1E7A4F7556}") = "ServerPart", "Server\ServerPart.csproj", "{9BBA9243-73E3-4EC1-8E6C-017D160053DC}"
EndProject
Global
	GlobalSection(SolutionConfigurationPlatforms) = preSolution
		Debug|Any CPU = Debug|Any CPU
		Release|Any CPU = Release|Any CPU
	EndGlobalSection
	GlobalSection(ProjectConfigurationPlatforms) = postSolution
		{975F241D-583A-4755-BB45-70C808697405}.Debug|Any CPU.ActiveCfg = Debug|Any CPU
		{975F241D-583A-4755-BB45-70C808697405}.Debug|Any CPU.Build.0 = Debug|Any CPU
		{975F241D-583A-4755-BB45-70C808697405}.Release|Any CPU.ActiveCfg = Release|Any CPU
		{975F241D-583A-4755-BB45-70C808697405}.Release|Any CPU.Build.0 = Release|Any CPU
		{9BBA9243-73E3-4EC1-8E6C-017D160053DC}.Debug|Any CPU.ActiveCfg = Debug|Any CPU
		{9BBA9243-73E3-4EC1-8E6C-017D160053DC}.Debug|Any CPU.Build.0 = Debug|Any CPU
		{9BBA9243-73E3-4EC1-8E6C-017D160053DC}.Release|Any CPU.ActiveCfg = Release|Any CPU
		{9BBA9243-73E3-4EC1-8E6C-017D160053DC}.Release|Any CPU.Build.0 = Release|Any CPU
	EndGlobalSection
	GlobalSection(SolutionProperties) = preSolution
		HideSolutionNode = FALSE
	EndGlobalSection
	GlobalSection(ExtensibilityGlobals) = postSolution
		SolutionGuid = {F0F38237-5E5A-4A00-8BE8-3FB02B3F1583}
	EndGlobalSection
EndGlobal
